
Microsoft Visual Studio Solution File, Format Version 12.00
# Visual Studio Version 16
VisualStudioVersion = 16.0.29123.88
MinimumVisualStudioVersion = 10.0.40219.1
Project("{FAE04EC0-301F-11D3-BF4B-00C04F79EFBC}") = "mta-1.2-classes-and-object-first-class", "mta-1.2-classes-and-object-first-class\mta-1.2-classes-and-object-first-class.csproj", "{9E5C7476-22FF-448F-BE5E-8A7B169F17A8}"
EndProject
Global
	GlobalSection(SolutionConfigurationPlatforms) = preSolution
		Debug|Any CPU = Debug|Any CPU
		Release|Any CPU = Release|Any CPU
	EndGlobalSection
	GlobalSection(ProjectConfigurationPlatforms) = postSolution
		{9E5C7476-22FF-448F-BE5E-8A7B169F17A8}.Debug|Any CPU.ActiveCfg = Debug|Any CPU
		{9E5C7476-22FF-448F-BE5E-8A7B169F17A8}.Debug|Any CPU.Build.0 = Debug|Any CPU
		{9E5C7476-22FF-448F-BE5E-8A7B169F17A8}.Release|Any CPU.ActiveCfg = Release|Any CPU
		{9E5C7476-22FF-448F-BE5E-8A7B169F17A8}.Release|Any CPU.Build.0 = Release|Any CPU
	EndGlobalSection
	GlobalSection(SolutionProperties) = preSolution
		HideSolutionNode = FALSE
	EndGlobalSection
	GlobalSection(ExtensibilityGlobals) = postSolution
		SolutionGuid = {432C7161-3AC5-4A07-B0F7-B006E9118100}
	EndGlobalSection
EndGlobal
