
Microsoft Visual Studio Solution File, Format Version 12.00
# Visual Studio Version 16
VisualStudioVersion = 16.0.29123.88
MinimumVisualStudioVersion = 10.0.40219.1
Project("{FAE04EC0-301F-11D3-BF4B-00C04F79EFBC}") = "mta-6.1-databases", "mta-6.1-databases\mta-6.1-databases.csproj", "{8B3C2174-905A-4FE2-9F23-6DA08BD94E27}"
EndProject
Global
	GlobalSection(SolutionConfigurationPlatforms) = preSolution
		Debug|Any CPU = Debug|Any CPU
		Release|Any CPU = Release|Any CPU
	EndGlobalSection
	GlobalSection(ProjectConfigurationPlatforms) = postSolution
		{8B3C2174-905A-4FE2-9F23-6DA08BD94E27}.Debug|Any CPU.ActiveCfg = Debug|Any CPU
		{8B3C2174-905A-4FE2-9F23-6DA08BD94E27}.Debug|Any CPU.Build.0 = Debug|Any CPU
		{8B3C2174-905A-4FE2-9F23-6DA08BD94E27}.Release|Any CPU.ActiveCfg = Release|Any CPU
		{8B3C2174-905A-4FE2-9F23-6DA08BD94E27}.Release|Any CPU.Build.0 = Release|Any CPU
	EndGlobalSection
	GlobalSection(SolutionProperties) = preSolution
		HideSolutionNode = FALSE
	EndGlobalSection
	GlobalSection(ExtensibilityGlobals) = postSolution
		SolutionGuid = {AD1DB2FA-D2A3-424D-A94D-FBFD7598B23D}
	EndGlobalSection
EndGlobal
