
Microsoft Visual Studio Solution File, Format Version 12.00
# Visual Studio Version 16
VisualStudioVersion = 16.0.29123.88
MinimumVisualStudioVersion = 10.0.40219.1
Project("{FAE04EC0-301F-11D3-BF4B-00C04F79EFBC}") = "WindowsFormsApp1", "WindowsFormsApp1\WindowsFormsApp1.csproj", "{E510F208-5B9D-4140-BE44-9D910CAE61F6}"
EndProject
Global
	GlobalSection(SolutionConfigurationPlatforms) = preSolution
		Debug|Any CPU = Debug|Any CPU
		Release|Any CPU = Release|Any CPU
	EndGlobalSection
	GlobalSection(ProjectConfigurationPlatforms) = postSolution
		{E510F208-5B9D-4140-BE44-9D910CAE61F6}.Debug|Any CPU.ActiveCfg = Debug|Any CPU
		{E510F208-5B9D-4140-BE44-9D910CAE61F6}.Debug|Any CPU.Build.0 = Debug|Any CPU
		{E510F208-5B9D-4140-BE44-9D910CAE61F6}.Release|Any CPU.ActiveCfg = Release|Any CPU
		{E510F208-5B9D-4140-BE44-9D910CAE61F6}.Release|Any CPU.Build.0 = Release|Any CPU
	EndGlobalSection
	GlobalSection(SolutionProperties) = preSolution
		HideSolutionNode = FALSE
	EndGlobalSection
	GlobalSection(ExtensibilityGlobals) = postSolution
		SolutionGuid = {810FEE88-D71C-41E0-9246-EDDA622B92B2}
	EndGlobalSection
EndGlobal
